// !$*UTF8*$!
{
	archiveVersion = 1;
	classes = {
	};
	objectVersion = 55;
	objects = {

/* Begin PBXBuildFile section */
		04599DD72870FFCA0061F225 /* ObjectAPI+CodingKeys.swift in Sources */ = {isa = PBXBuildFile; fileRef = 04599DC72870FFCA0061F225 /* ObjectAPI+CodingKeys.swift */; };
		04599DD82870FFCA0061F225 /* NetWorking.swift in Sources */ = {isa = PBXBuildFile; fileRef = 04599DC92870FFCA0061F225 /* NetWorking.swift */; };
		04599DD92870FFCA0061F225 /* KingFisherGetImage.swift in Sources */ = {isa = PBXBuildFile; fileRef = 04599DCB2870FFCA0061F225 /* KingFisherGetImage.swift */; };
		04599DDB2870FFCA0061F225 /* BorderConfiguration.swift in Sources */ = {isa = PBXBuildFile; fileRef = 04599DCD2870FFCA0061F225 /* BorderConfiguration.swift */; };
		04599DDC2870FFCA0061F225 /* ViewModel.swift in Sources */ = {isa = PBXBuildFile; fileRef = 04599DD02870FFCA0061F225 /* ViewModel.swift */; };
		04599DDD2870FFCA0061F225 /* MainTableViewCell.xib in Resources */ = {isa = PBXBuildFile; fileRef = 04599DD22870FFCA0061F225 /* MainTableViewCell.xib */; };
		04599DDE2870FFCA0061F225 /* MainTableViewCell.swift in Sources */ = {isa = PBXBuildFile; fileRef = 04599DD32870FFCA0061F225 /* MainTableViewCell.swift */; };
		04599DDF2870FFCA0061F225 /* MainViewController.xib in Resources */ = {isa = PBXBuildFile; fileRef = 04599DD42870FFCA0061F225 /* MainViewController.xib */; };
		04599DE02870FFCA0061F225 /* MainViewController.swift in Sources */ = {isa = PBXBuildFile; fileRef = 04599DD52870FFCA0061F225 /* MainViewController.swift */; };
		04599DE32871130F0061F225 /* DetailViewController.swift in Sources */ = {isa = PBXBuildFile; fileRef = 04599DE12871130F0061F225 /* DetailViewController.swift */; };
		04599DE42871130F0061F225 /* DetailViewController.xib in Resources */ = {isa = PBXBuildFile; fileRef = 04599DE22871130F0061F225 /* DetailViewController.xib */; };
		04599DE6287139290061F225 /* BaseNavigationController.swift in Sources */ = {isa = PBXBuildFile; fileRef = 04599DE5287139290061F225 /* BaseNavigationController.swift */; };
		04ADBAA6286F3F9C0083974E /* AppDelegate.swift in Sources */ = {isa = PBXBuildFile; fileRef = 04ADBAA5286F3F9C0083974E /* AppDelegate.swift */; };
		04ADBAAF286F3F9E0083974E /* Assets.xcassets in Resources */ = {isa = PBXBuildFile; fileRef = 04ADBAAE286F3F9E0083974E /* Assets.xcassets */; };
		04ADBAB2286F3F9E0083974E /* LaunchScreen.storyboard in Resources */ = {isa = PBXBuildFile; fileRef = 04ADBAB0286F3F9E0083974E /* LaunchScreen.storyboard */; };
		04ADBABD286F3F9E0083974E /* ChallengeAppTests.swift in Sources */ = {isa = PBXBuildFile; fileRef = 04ADBABC286F3F9E0083974E /* ChallengeAppTests.swift */; };
		04ADBAC7286F3F9E0083974E /* ChallengeAppUITests.swift in Sources */ = {isa = PBXBuildFile; fileRef = 04ADBAC6286F3F9E0083974E /* ChallengeAppUITests.swift */; };
		04ADBAC9286F3F9E0083974E /* ChallengeAppUITestsLaunchTests.swift in Sources */ = {isa = PBXBuildFile; fileRef = 04ADBAC8286F3F9E0083974E /* ChallengeAppUITestsLaunchTests.swift */; };
		72CCF7799596CB892C40006D /* Pods_ChallengeApp.framework in Frameworks */ = {isa = PBXBuildFile; fileRef = 04E08FCC06636AFFD43C275E /* Pods_ChallengeApp.framework */; };
/* End PBXBuildFile section */

/* Begin PBXContainerItemProxy section */
		04ADBAB9286F3F9E0083974E /* PBXContainerItemProxy */ = {
			isa = PBXContainerItemProxy;
			containerPortal = 04ADBA9A286F3F9C0083974E /* Project object */;
			proxyType = 1;
			remoteGlobalIDString = 04ADBAA1286F3F9C0083974E;
			remoteInfo = ChallengeApp;
		};
		04ADBAC3286F3F9E0083974E /* PBXContainerItemProxy */ = {
			isa = PBXContainerItemProxy;
			containerPortal = 04ADBA9A286F3F9C0083974E /* Project object */;
			proxyType = 1;
			remoteGlobalIDString = 04ADBAA1286F3F9C0083974E;
			remoteInfo = ChallengeApp;
		};
/* End PBXContainerItemProxy section */

/* Begin PBXFileReference section */
		04599DC72870FFCA0061F225 /* ObjectAPI+CodingKeys.swift */ = {isa = PBXFileReference; fileEncoding = 4; lastKnownFileType = sourcecode.swift; path = "ObjectAPI+CodingKeys.swift"; sourceTree = "<group>"; };
		04599DC92870FFCA0061F225 /* NetWorking.swift */ = {isa = PBXFileReference; fileEncoding = 4; lastKnownFileType = sourcecode.swift; path = NetWorking.swift; sourceTree = "<group>"; };
		04599DCB2870FFCA0061F225 /* KingFisherGetImage.swift */ = {isa = PBXFileReference; fileEncoding = 4; lastKnownFileType = sourcecode.swift; path = KingFisherGetImage.swift; sourceTree = "<group>"; };
		04599DCD2870FFCA0061F225 /* BorderConfiguration.swift */ = {isa = PBXFileReference; fileEncoding = 4; lastKnownFileType = sourcecode.swift; path = BorderConfiguration.swift; sourceTree = "<group>"; };
		04599DD02870FFCA0061F225 /* ViewModel.swift */ = {isa = PBXFileReference; fileEncoding = 4; lastKnownFileType = sourcecode.swift; path = ViewModel.swift; sourceTree = "<group>"; };
		04599DD22870FFCA0061F225 /* MainTableViewCell.xib */ = {isa = PBXFileReference; fileEncoding = 4; lastKnownFileType = file.xib; path = MainTableViewCell.xib; sourceTree = "<group>"; };
		04599DD32870FFCA0061F225 /* MainTableViewCell.swift */ = {isa = PBXFileReference; fileEncoding = 4; lastKnownFileType = sourcecode.swift; path = MainTableViewCell.swift; sourceTree = "<group>"; };
		04599DD42870FFCA0061F225 /* MainViewController.xib */ = {isa = PBXFileReference; fileEncoding = 4; lastKnownFileType = file.xib; path = MainViewController.xib; sourceTree = "<group>"; };
		04599DD52870FFCA0061F225 /* MainViewController.swift */ = {isa = PBXFileReference; fileEncoding = 4; lastKnownFileType = sourcecode.swift; path = MainViewController.swift; sourceTree = "<group>"; };
		04599DE12871130F0061F225 /* DetailViewController.swift */ = {isa = PBXFileReference; lastKnownFileType = sourcecode.swift; path = DetailViewController.swift; sourceTree = "<group>"; };
		04599DE22871130F0061F225 /* DetailViewController.xib */ = {isa = PBXFileReference; lastKnownFileType = file.xib; path = DetailViewController.xib; sourceTree = "<group>"; };
		04599DE5287139290061F225 /* BaseNavigationController.swift */ = {isa = PBXFileReference; lastKnownFileType = sourcecode.swift; path = BaseNavigationController.swift; sourceTree = "<group>"; };
		04ADBAA2286F3F9C0083974E /* ChallengeApp.app */ = {isa = PBXFileReference; explicitFileType = wrapper.application; includeInIndex = 0; path = ChallengeApp.app; sourceTree = BUILT_PRODUCTS_DIR; };
		04ADBAA5286F3F9C0083974E /* AppDelegate.swift */ = {isa = PBXFileReference; lastKnownFileType = sourcecode.swift; path = AppDelegate.swift; sourceTree = "<group>"; };
		04ADBAAE286F3F9E0083974E /* Assets.xcassets */ = {isa = PBXFileReference; lastKnownFileType = folder.assetcatalog; path = Assets.xcassets; sourceTree = "<group>"; };
		04ADBAB1286F3F9E0083974E /* Base */ = {isa = PBXFileReference; lastKnownFileType = file.storyboard; name = Base; path = Base.lproj/LaunchScreen.storyboard; sourceTree = "<group>"; };
		04ADBAB3286F3F9E0083974E /* Info.plist */ = {isa = PBXFileReference; lastKnownFileType = text.plist.xml; path = Info.plist; sourceTree = "<group>"; };
		04ADBAB8286F3F9E0083974E /* ChallengeAppTests.xctest */ = {isa = PBXFileReference; explicitFileType = wrapper.cfbundle; includeInIndex = 0; path = ChallengeAppTests.xctest; sourceTree = BUILT_PRODUCTS_DIR; };
		04ADBABC286F3F9E0083974E /* ChallengeAppTests.swift */ = {isa = PBXFileReference; lastKnownFileType = sourcecode.swift; path = ChallengeAppTests.swift; sourceTree = "<group>"; };
		04ADBAC2286F3F9E0083974E /* ChallengeAppUITests.xctest */ = {isa = PBXFileReference; explicitFileType = wrapper.cfbundle; includeInIndex = 0; path = ChallengeAppUITests.xctest; sourceTree = BUILT_PRODUCTS_DIR; };
		04ADBAC6286F3F9E0083974E /* ChallengeAppUITests.swift */ = {isa = PBXFileReference; lastKnownFileType = sourcecode.swift; path = ChallengeAppUITests.swift; sourceTree = "<group>"; };
		04ADBAC8286F3F9E0083974E /* ChallengeAppUITestsLaunchTests.swift */ = {isa = PBXFileReference; lastKnownFileType = sourcecode.swift; path = ChallengeAppUITestsLaunchTests.swift; sourceTree = "<group>"; };
		04E08FCC06636AFFD43C275E /* Pods_ChallengeApp.framework */ = {isa = PBXFileReference; explicitFileType = wrapper.framework; includeInIndex = 0; path = Pods_ChallengeApp.framework; sourceTree = BUILT_PRODUCTS_DIR; };
		21EE6F3938EDD1B27FF43B28 /* Pods-ChallengeApp.release.xcconfig */ = {isa = PBXFileReference; includeInIndex = 1; lastKnownFileType = text.xcconfig; name = "Pods-ChallengeApp.release.xcconfig"; path = "Target Support Files/Pods-ChallengeApp/Pods-ChallengeApp.release.xcconfig"; sourceTree = "<group>"; };
		AF21C196984BA9050C5EE39B /* Pods-ChallengeApp.debug.xcconfig */ = {isa = PBXFileReference; includeInIndex = 1; lastKnownFileType = text.xcconfig; name = "Pods-ChallengeApp.debug.xcconfig"; path = "Target Support Files/Pods-ChallengeApp/Pods-ChallengeApp.debug.xcconfig"; sourceTree = "<group>"; };
/* End PBXFileReference section */

/* Begin PBXFrameworksBuildPhase section */
		04ADBA9F286F3F9C0083974E /* Frameworks */ = {
			isa = PBXFrameworksBuildPhase;
			buildActionMask = 2147483647;
			files = (
				72CCF7799596CB892C40006D /* Pods_ChallengeApp.framework in Frameworks */,
			);
			runOnlyForDeploymentPostprocessing = 0;
		};
		04ADBAB5286F3F9E0083974E /* Frameworks */ = {
			isa = PBXFrameworksBuildPhase;
			buildActionMask = 2147483647;
			files = (
			);
			runOnlyForDeploymentPostprocessing = 0;
		};
		04ADBABF286F3F9E0083974E /* Frameworks */ = {
			isa = PBXFrameworksBuildPhase;
			buildActionMask = 2147483647;
			files = (
			);
			runOnlyForDeploymentPostprocessing = 0;
		};
/* End PBXFrameworksBuildPhase section */

/* Begin PBXGroup section */
		0458BF63286F47D200E88F62 /* DefaultTests */ = {
			isa = PBXGroup;
			children = (
				04ADBABB286F3F9E0083974E /* ChallengeAppTests */,
				04ADBAC5286F3F9E0083974E /* ChallengeAppUITests */,
			);
			path = DefaultTests;
			sourceTree = "<group>";
		};
		04599DC52870FFCA0061F225 /* Resources */ = {
			isa = PBXGroup;
			children = (
				04599DC62870FFCA0061F225 /* Classes */,
				04599DC82870FFCA0061F225 /* NetWorking */,
				04599DCA2870FFCA0061F225 /* Extensions */,
			);
			path = Resources;
			sourceTree = "<group>";
		};
		04599DC62870FFCA0061F225 /* Classes */ = {
			isa = PBXGroup;
			children = (
				04599DC72870FFCA0061F225 /* ObjectAPI+CodingKeys.swift */,
				04599DE5287139290061F225 /* BaseNavigationController.swift */,
			);
			path = Classes;
			sourceTree = "<group>";
		};
		04599DC82870FFCA0061F225 /* NetWorking */ = {
			isa = PBXGroup;
			children = (
				04599DC92870FFCA0061F225 /* NetWorking.swift */,
			);
			path = NetWorking;
			sourceTree = "<group>";
		};
		04599DCA2870FFCA0061F225 /* Extensions */ = {
			isa = PBXGroup;
			children = (
				04599DCB2870FFCA0061F225 /* KingFisherGetImage.swift */,
				04599DCD2870FFCA0061F225 /* BorderConfiguration.swift */,
			);
			path = Extensions;
			sourceTree = "<group>";
		};
		04599DCE2870FFCA0061F225 /* Main */ = {
			isa = PBXGroup;
			children = (
				04599DCF2870FFCA0061F225 /* ViewModel */,
				04599DD12870FFCA0061F225 /* Cell */,
				04599DD52870FFCA0061F225 /* MainViewController.swift */,
				04599DD42870FFCA0061F225 /* MainViewController.xib */,
				04599DD62870FFCA0061F225 /* DetailController */,
			);
			path = Main;
			sourceTree = "<group>";
		};
		04599DCF2870FFCA0061F225 /* ViewModel */ = {
			isa = PBXGroup;
			children = (
				04599DD02870FFCA0061F225 /* ViewModel.swift */,
			);
			path = ViewModel;
			sourceTree = "<group>";
		};
		04599DD12870FFCA0061F225 /* Cell */ = {
			isa = PBXGroup;
			children = (
				04599DD32870FFCA0061F225 /* MainTableViewCell.swift */,
				04599DD22870FFCA0061F225 /* MainTableViewCell.xib */,
			);
			path = Cell;
			sourceTree = "<group>";
		};
		04599DD62870FFCA0061F225 /* DetailController */ = {
			isa = PBXGroup;
			children = (
				04599DE12871130F0061F225 /* DetailViewController.swift */,
				04599DE22871130F0061F225 /* DetailViewController.xib */,
			);
			path = DetailController;
			sourceTree = "<group>";
		};
		04ADBA99286F3F9C0083974E = {
			isa = PBXGroup;
			children = (
				04ADBAA4286F3F9C0083974E /* ChallengeApp */,
				0458BF63286F47D200E88F62 /* DefaultTests */,
				04ADBAA3286F3F9C0083974E /* Products */,
				BB38C1DD9D5A1FC4282FA887 /* Pods */,
				CEAB08AEE2C1A07C1A270B16 /* Frameworks */,
			);
			sourceTree = "<group>";
		};
		04ADBAA3286F3F9C0083974E /* Products */ = {
			isa = PBXGroup;
			children = (
				04ADBAA2286F3F9C0083974E /* ChallengeApp.app */,
				04ADBAB8286F3F9E0083974E /* ChallengeAppTests.xctest */,
				04ADBAC2286F3F9E0083974E /* ChallengeAppUITests.xctest */,
			);
			name = Products;
			sourceTree = "<group>";
		};
		04ADBAA4286F3F9C0083974E /* ChallengeApp */ = {
			isa = PBXGroup;
			children = (
				04ADBAAE286F3F9E0083974E /* Assets.xcassets */,
				04599DC52870FFCA0061F225 /* Resources */,
				04599DCE2870FFCA0061F225 /* Main */,
				04ADBAA5286F3F9C0083974E /* AppDelegate.swift */,
				04ADBAB0286F3F9E0083974E /* LaunchScreen.storyboard */,
				04ADBAB3286F3F9E0083974E /* Info.plist */,
			);
			path = ChallengeApp;
			sourceTree = "<group>";
		};
		04ADBABB286F3F9E0083974E /* ChallengeAppTests */ = {
			isa = PBXGroup;
			children = (
				04ADBABC286F3F9E0083974E /* ChallengeAppTests.swift */,
			);
			path = ChallengeAppTests;
			sourceTree = "<group>";
		};
		04ADBAC5286F3F9E0083974E /* ChallengeAppUITests */ = {
			isa = PBXGroup;
			children = (
				04ADBAC6286F3F9E0083974E /* ChallengeAppUITests.swift */,
				04ADBAC8286F3F9E0083974E /* ChallengeAppUITestsLaunchTests.swift */,
			);
			path = ChallengeAppUITests;
			sourceTree = "<group>";
		};
		BB38C1DD9D5A1FC4282FA887 /* Pods */ = {
			isa = PBXGroup;
			children = (
				AF21C196984BA9050C5EE39B /* Pods-ChallengeApp.debug.xcconfig */,
				21EE6F3938EDD1B27FF43B28 /* Pods-ChallengeApp.release.xcconfig */,
			);
			path = Pods;
			sourceTree = "<group>";
		};
		CEAB08AEE2C1A07C1A270B16 /* Frameworks */ = {
			isa = PBXGroup;
			children = (
				04E08FCC06636AFFD43C275E /* Pods_ChallengeApp.framework */,
			);
			name = Frameworks;
			sourceTree = "<group>";
		};
/* End PBXGroup section */

/* Begin PBXNativeTarget section */
		04ADBAA1286F3F9C0083974E /* ChallengeApp */ = {
			isa = PBXNativeTarget;
			buildConfigurationList = 04ADBACC286F3F9E0083974E /* Build configuration list for PBXNativeTarget "ChallengeApp" */;
			buildPhases = (
				F26E5F33E1A85DEBF038132D /* [CP] Check Pods Manifest.lock */,
				04ADBA9E286F3F9C0083974E /* Sources */,
				04ADBA9F286F3F9C0083974E /* Frameworks */,
				04ADBAA0286F3F9C0083974E /* Resources */,
				5690501B91CC5E4A57ADCE3F /* [CP] Embed Pods Frameworks */,
			);
			buildRules = (
			);
			dependencies = (
			);
			name = ChallengeApp;
			productName = ChallengeApp;
			productReference = 04ADBAA2286F3F9C0083974E /* ChallengeApp.app */;
			productType = "com.apple.product-type.application";
		};
		04ADBAB7286F3F9E0083974E /* ChallengeAppTests */ = {
			isa = PBXNativeTarget;
			buildConfigurationList = 04ADBACF286F3F9E0083974E /* Build configuration list for PBXNativeTarget "ChallengeAppTests" */;
			buildPhases = (
				04ADBAB4286F3F9E0083974E /* Sources */,
				04ADBAB5286F3F9E0083974E /* Frameworks */,
				04ADBAB6286F3F9E0083974E /* Resources */,
			);
			buildRules = (
			);
			dependencies = (
				04ADBABA286F3F9E0083974E /* PBXTargetDependency */,
			);
			name = ChallengeAppTests;
			productName = ChallengeAppTests;
			productReference = 04ADBAB8286F3F9E0083974E /* ChallengeAppTests.xctest */;
			productType = "com.apple.product-type.bundle.unit-test";
		};
		04ADBAC1286F3F9E0083974E /* ChallengeAppUITests */ = {
			isa = PBXNativeTarget;
			buildConfigurationList = 04ADBAD2286F3F9E0083974E /* Build configuration list for PBXNativeTarget "ChallengeAppUITests" */;
			buildPhases = (
				04ADBABE286F3F9E0083974E /* Sources */,
				04ADBABF286F3F9E0083974E /* Frameworks */,
				04ADBAC0286F3F9E0083974E /* Resources */,
			);
			buildRules = (
			);
			dependencies = (
				04ADBAC4286F3F9E0083974E /* PBXTargetDependency */,
			);
			name = ChallengeAppUITests;
			productName = ChallengeAppUITests;
			productReference = 04ADBAC2286F3F9E0083974E /* ChallengeAppUITests.xctest */;
			productType = "com.apple.product-type.bundle.ui-testing";
		};
/* End PBXNativeTarget section */

/* Begin PBXProject section */
		04ADBA9A286F3F9C0083974E /* Project object */ = {
			isa = PBXProject;
			attributes = {
				BuildIndependentTargetsInParallel = 1;
				LastSwiftUpdateCheck = 1340;
				LastUpgradeCheck = 1340;
				TargetAttributes = {
					04ADBAA1286F3F9C0083974E = {
						CreatedOnToolsVersion = 13.4.1;
					};
					04ADBAB7286F3F9E0083974E = {
						CreatedOnToolsVersion = 13.4.1;
					};
					04ADBAC1286F3F9E0083974E = {
						CreatedOnToolsVersion = 13.4.1;
					};
				};
			};
			buildConfigurationList = 04ADBA9D286F3F9C0083974E /* Build configuration list for PBXProject "ChallengeApp" */;
			compatibilityVersion = "Xcode 13.0";
			developmentRegion = en;
			hasScannedForEncodings = 0;
			knownRegions = (
				en,
				Base,
			);
			mainGroup = 04ADBA99286F3F9C0083974E;
			productRefGroup = 04ADBAA3286F3F9C0083974E /* Products */;
			projectDirPath = "";
			projectRoot = "";
			targets = (
				04ADBAA1286F3F9C0083974E /* ChallengeApp */,
				04ADBAB7286F3F9E0083974E /* ChallengeAppTests */,
				04ADBAC1286F3F9E0083974E /* ChallengeAppUITests */,
			);
		};
/* End PBXProject section */

/* Begin PBXResourcesBuildPhase section */
		04ADBAA0286F3F9C0083974E /* Resources */ = {
			isa = PBXResourcesBuildPhase;
			buildActionMask = 2147483647;
			files = (
				04ADBAB2286F3F9E0083974E /* LaunchScreen.storyboard in Resources */,
				04ADBAAF286F3F9E0083974E /* Assets.xcassets in Resources */,
				04599DE42871130F0061F225 /* DetailViewController.xib in Resources */,
				04599DDF2870FFCA0061F225 /* MainViewController.xib in Resources */,
				04599DDD2870FFCA0061F225 /* MainTableViewCell.xib in Resources */,
			);
			runOnlyForDeploymentPostprocessing = 0;
		};
		04ADBAB6286F3F9E0083974E /* Resources */ = {
			isa = PBXResourcesBuildPhase;
			buildActionMask = 2147483647;
			files = (
			);
			runOnlyForDeploymentPostprocessing = 0;
		};
		04ADBAC0286F3F9E0083974E /* Resources */ = {
			isa = PBXResourcesBuildPhase;
			buildActionMask = 2147483647;
			files = (
			);
			runOnlyForDeploymentPostprocessing = 0;
		};
/* End PBXResourcesBuildPhase section */

/* Begin PBXShellScriptBuildPhase section */
		5690501B91CC5E4A57ADCE3F /* [CP] Embed Pods Frameworks */ = {
			isa = PBXShellScriptBuildPhase;
			buildActionMask = 2147483647;
			files = (
			);
			inputFileListPaths = (
				"${PODS_ROOT}/Target Support Files/Pods-ChallengeApp/Pods-ChallengeApp-frameworks-${CONFIGURATION}-input-files.xcfilelist",
			);
			name = "[CP] Embed Pods Frameworks";
			outputFileListPaths = (
				"${PODS_ROOT}/Target Support Files/Pods-ChallengeApp/Pods-ChallengeApp-frameworks-${CONFIGURATION}-output-files.xcfilelist",
			);
			runOnlyForDeploymentPostprocessing = 0;
			shellPath = /bin/sh;
			shellScript = "\"${PODS_ROOT}/Target Support Files/Pods-ChallengeApp/Pods-ChallengeApp-frameworks.sh\"\n";
			showEnvVarsInLog = 0;
		};
		F26E5F33E1A85DEBF038132D /* [CP] Check Pods Manifest.lock */ = {
			isa = PBXShellScriptBuildPhase;
			buildActionMask = 2147483647;
			files = (
			);
			inputFileListPaths = (
			);
			inputPaths = (
				"${PODS_PODFILE_DIR_PATH}/Podfile.lock",
				"${PODS_ROOT}/Manifest.lock",
			);
			name = "[CP] Check Pods Manifest.lock";
			outputFileListPaths = (
			);
			outputPaths = (
				"$(DERIVED_FILE_DIR)/Pods-ChallengeApp-checkManifestLockResult.txt",
			);
			runOnlyForDeploymentPostprocessing = 0;
			shellPath = /bin/sh;
			shellScript = "diff \"${PODS_PODFILE_DIR_PATH}/Podfile.lock\" \"${PODS_ROOT}/Manifest.lock\" > /dev/null\nif [ $? != 0 ] ; then\n    # print error to STDERR\n    echo \"error: The sandbox is not in sync with the Podfile.lock. Run 'pod install' or update your CocoaPods installation.\" >&2\n    exit 1\nfi\n# This output is used by Xcode 'outputs' to avoid re-running this script phase.\necho \"SUCCESS\" > \"${SCRIPT_OUTPUT_FILE_0}\"\n";
			showEnvVarsInLog = 0;
		};
/* End PBXShellScriptBuildPhase section */

/* Begin PBXSourcesBuildPhase section */
		04ADBA9E286F3F9C0083974E /* Sources */ = {
			isa = PBXSourcesBuildPhase;
			buildActionMask = 2147483647;
			files = (
				04599DE02870FFCA0061F225 /* MainViewController.swift in Sources */,
				04599DDC2870FFCA0061F225 /* ViewModel.swift in Sources */,
				04599DD72870FFCA0061F225 /* ObjectAPI+CodingKeys.swift in Sources */,
				04599DDB2870FFCA0061F225 /* BorderConfiguration.swift in Sources */,
				04599DDE2870FFCA0061F225 /* MainTableViewCell.swift in Sources */,
				04599DD92870FFCA0061F225 /* KingFisherGetImage.swift in Sources */,
				04599DD82870FFCA0061F225 /* NetWorking.swift in Sources */,
				04599DE6287139290061F225 /* BaseNavigationController.swift in Sources */,
				04599DE32871130F0061F225 /* DetailViewController.swift in Sources */,
				04ADBAA6286F3F9C0083974E /* AppDelegate.swift in Sources */,
			);
			runOnlyForDeploymentPostprocessing = 0;
		};
		04ADBAB4286F3F9E0083974E /* Sources */ = {
			isa = PBXSourcesBuildPhase;
			buildActionMask = 2147483647;
			files = (
				04ADBABD286F3F9E0083974E /* ChallengeAppTests.swift in Sources */,
			);
			runOnlyForDeploymentPostprocessing = 0;
		};
		04ADBABE286F3F9E0083974E /* Sources */ = {
			isa = PBXSourcesBuildPhase;
			buildActionMask = 2147483647;
			files = (
				04ADBAC9286F3F9E0083974E /* ChallengeAppUITestsLaunchTests.swift in Sources */,
				04ADBAC7286F3F9E0083974E /* ChallengeAppUITests.swift in Sources */,
			);
			runOnlyForDeploymentPostprocessing = 0;
		};
/* End PBXSourcesBuildPhase section */

/* Begin PBXTargetDependency section */
		04ADBABA286F3F9E0083974E /* PBXTargetDependency */ = {
			isa = PBXTargetDependency;
			target = 04ADBAA1286F3F9C0083974E /* ChallengeApp */;
			targetProxy = 04ADBAB9286F3F9E0083974E /* PBXContainerItemProxy */;
		};
		04ADBAC4286F3F9E0083974E /* PBXTargetDependency */ = {
			isa = PBXTargetDependency;
			target = 04ADBAA1286F3F9C0083974E /* ChallengeApp */;
			targetProxy = 04ADBAC3286F3F9E0083974E /* PBXContainerItemProxy */;
		};
/* End PBXTargetDependency section */

/* Begin PBXVariantGroup section */
		04ADBAB0286F3F9E0083974E /* LaunchScreen.storyboard */ = {
			isa = PBXVariantGroup;
			children = (
				04ADBAB1286F3F9E0083974E /* Base */,
			);
			name = LaunchScreen.storyboard;
			sourceTree = "<group>";
		};
/* End PBXVariantGroup section */

/* Begin XCBuildConfiguration section */
		04ADBACA286F3F9E0083974E /* Debug */ = {
			isa = XCBuildConfiguration;
			buildSettings = {
				ALWAYS_SEARCH_USER_PATHS = NO;
				CLANG_ANALYZER_NONNULL = YES;
				CLANG_ANALYZER_NUMBER_OBJECT_CONVERSION = YES_AGGRESSIVE;
				CLANG_CXX_LANGUAGE_STANDARD = "gnu++17";
				CLANG_ENABLE_MODULES = YES;
				CLANG_ENABLE_OBJC_ARC = YES;
				CLANG_ENABLE_OBJC_WEAK = YES;
				CLANG_WARN_BLOCK_CAPTURE_AUTORELEASING = YES;
				CLANG_WARN_BOOL_CONVERSION = YES;
				CLANG_WARN_COMMA = YES;
				CLANG_WARN_CONSTANT_CONVERSION = YES;
				CLANG_WARN_DEPRECATED_OBJC_IMPLEMENTATIONS = YES;
				CLANG_WARN_DIRECT_OBJC_ISA_USAGE = YES_ERROR;
				CLANG_WARN_DOCUMENTATION_COMMENTS = YES;
				CLANG_WARN_EMPTY_BODY = YES;
				CLANG_WARN_ENUM_CONVERSION = YES;
				CLANG_WARN_INFINITE_RECURSION = YES;
				CLANG_WARN_INT_CONVERSION = YES;
				CLANG_WARN_NON_LITERAL_NULL_CONVERSION = YES;
				CLANG_WARN_OBJC_IMPLICIT_RETAIN_SELF = YES;
				CLANG_WARN_OBJC_LITERAL_CONVERSION = YES;
				CLANG_WARN_OBJC_ROOT_CLASS = YES_ERROR;
				CLANG_WARN_QUOTED_INCLUDE_IN_FRAMEWORK_HEADER = YES;
				CLANG_WARN_RANGE_LOOP_ANALYSIS = YES;
				CLANG_WARN_STRICT_PROTOTYPES = YES;
				CLANG_WARN_SUSPICIOUS_MOVE = YES;
				CLANG_WARN_UNGUARDED_AVAILABILITY = YES_AGGRESSIVE;
				CLANG_WARN_UNREACHABLE_CODE = YES;
				CLANG_WARN__DUPLICATE_METHOD_MATCH = YES;
				COPY_PHASE_STRIP = NO;
				DEBUG_INFORMATION_FORMAT = dwarf;
				ENABLE_STRICT_OBJC_MSGSEND = YES;
				ENABLE_TESTABILITY = YES;
				GCC_C_LANGUAGE_STANDARD = gnu11;
				GCC_DYNAMIC_NO_PIC = NO;
				GCC_NO_COMMON_BLOCKS = YES;
				GCC_OPTIMIZATION_LEVEL = 0;
				GCC_PREPROCESSOR_DEFINITIONS = (
					"DEBUG=1",
					"$(inherited)",
				);
				GCC_WARN_64_TO_32_BIT_CONVERSION = YES;
				GCC_WARN_ABOUT_RETURN_TYPE = YES_ERROR;
				GCC_WARN_UNDECLARED_SELECTOR = YES;
				GCC_WARN_UNINITIALIZED_AUTOS = YES_AGGRESSIVE;
				GCC_WARN_UNUSED_FUNCTION = YES;
				GCC_WARN_UNUSED_VARIABLE = YES;
				IPHONEOS_DEPLOYMENT_TARGET = 13.0;
				MTL_ENABLE_DEBUG_INFO = INCLUDE_SOURCE;
				MTL_FAST_MATH = YES;
				ONLY_ACTIVE_ARCH = YES;
				SDKROOT = iphoneos;
				SWIFT_ACTIVE_COMPILATION_CONDITIONS = DEBUG;
				SWIFT_OPTIMIZATION_LEVEL = "-Onone";
			};
			name = Debug;
		};
		04ADBACB286F3F9E0083974E /* Release */ = {
			isa = XCBuildConfiguration;
			buildSettings = {
				ALWAYS_SEARCH_USER_PATHS = NO;
				CLANG_ANALYZER_NONNULL = YES;
				CLANG_ANALYZER_NUMBER_OBJECT_CONVERSION = YES_AGGRESSIVE;
				CLANG_CXX_LANGUAGE_STANDARD = "gnu++17";
				CLANG_ENABLE_MODULES = YES;
				CLANG_ENABLE_OBJC_ARC = YES;
				CLANG_ENABLE_OBJC_WEAK = YES;
				CLANG_WARN_BLOCK_CAPTURE_AUTORELEASING = YES;
				CLANG_WARN_BOOL_CONVERSION = YES;
				CLANG_WARN_COMMA = YES;
				CLANG_WARN_CONSTANT_CONVERSION = YES;
				CLANG_WARN_DEPRECATED_OBJC_IMPLEMENTATIONS = YES;
				CLANG_WARN_DIRECT_OBJC_ISA_USAGE = YES_ERROR;
				CLANG_WARN_DOCUMENTATION_COMMENTS = YES;
				CLANG_WARN_EMPTY_BODY = YES;
				CLANG_WARN_ENUM_CONVERSION = YES;
				CLANG_WARN_INFINITE_RECURSION = YES;
				CLANG_WARN_INT_CONVERSION = YES;
				CLANG_WARN_NON_LITERAL_NULL_CONVERSION = YES;
				CLANG_WARN_OBJC_IMPLICIT_RETAIN_SELF = YES;
				CLANG_WARN_OBJC_LITERAL_CONVERSION = YES;
				CLANG_WARN_OBJC_ROOT_CLASS = YES_ERROR;
				CLANG_WARN_QUOTED_INCLUDE_IN_FRAMEWORK_HEADER = YES;
				CLANG_WARN_RANGE_LOOP_ANALYSIS = YES;
				CLANG_WARN_STRICT_PROTOTYPES = YES;
				CLANG_WARN_SUSPICIOUS_MOVE = YES;
				CLANG_WARN_UNGUARDED_AVAILABILITY = YES_AGGRESSIVE;
				CLANG_WARN_UNREACHABLE_CODE = YES;
				CLANG_WARN__DUPLICATE_METHOD_MATCH = YES;
				COPY_PHASE_STRIP = NO;
				DEBUG_INFORMATION_FORMAT = "dwarf-with-dsym";
				ENABLE_NS_ASSERTIONS = NO;
				ENABLE_STRICT_OBJC_MSGSEND = YES;
				GCC_C_LANGUAGE_STANDARD = gnu11;
				GCC_NO_COMMON_BLOCKS = YES;
				GCC_WARN_64_TO_32_BIT_CONVERSION = YES;
				GCC_WARN_ABOUT_RETURN_TYPE = YES_ERROR;
				GCC_WARN_UNDECLARED_SELECTOR = YES;
				GCC_WARN_UNINITIALIZED_AUTOS = YES_AGGRESSIVE;
				GCC_WARN_UNUSED_FUNCTION = YES;
				GCC_WARN_UNUSED_VARIABLE = YES;
				IPHONEOS_DEPLOYMENT_TARGET = 13.0;
				MTL_ENABLE_DEBUG_INFO = NO;
				MTL_FAST_MATH = YES;
				SDKROOT = iphoneos;
				SWIFT_COMPILATION_MODE = wholemodule;
				SWIFT_OPTIMIZATION_LEVEL = "-O";
				VALIDATE_PRODUCT = YES;
			};
			name = Release;
		};
		04ADBACD286F3F9E0083974E /* Debug */ = {
			isa = XCBuildConfiguration;
			baseConfigurationReference = AF21C196984BA9050C5EE39B /* Pods-ChallengeApp.debug.xcconfig */;
			buildSettings = {
				ASSETCATALOG_COMPILER_APPICON_NAME = AppIcon;
				ASSETCATALOG_COMPILER_GLOBAL_ACCENT_COLOR_NAME = AccentColor;
				CODE_SIGN_STYLE = Automatic;
				CURRENT_PROJECT_VERSION = 1;
				GENERATE_INFOPLIST_FILE = YES;
				INFOPLIST_FILE = ChallengeApp/Info.plist;
				INFOPLIST_KEY_UIApplicationSupportsIndirectInputEvents = YES;
				INFOPLIST_KEY_UILaunchStoryboardName = LaunchScreen;
				INFOPLIST_KEY_UISupportedInterfaceOrientations = "UIInterfaceOrientationPortrait UIInterfaceOrientationLandscapeLeft UIInterfaceOrientationLandscapeRight";
				INFOPLIST_KEY_UISupportedInterfaceOrientations_iPad = "UIInterfaceOrientationPortrait UIInterfaceOrientationPortraitUpsideDown UIInterfaceOrientationLandscapeLeft UIInterfaceOrientationLandscapeRight";
				INFOPLIST_KEY_UISupportedInterfaceOrientations_iPhone = "UIInterfaceOrientationPortrait UIInterfaceOrientationLandscapeLeft UIInterfaceOrientationLandscapeRight";
				LD_RUNPATH_SEARCH_PATHS = (
					"$(inherited)",
					"@executable_path/Frameworks",
				);
				MARKETING_VERSION = 1.0;
				PRODUCT_BUNDLE_IDENTIFIER = GlobalLogicAppChallenge.ChallengeApp;
				PRODUCT_NAME = "$(TARGET_NAME)";
				SWIFT_EMIT_LOC_STRINGS = YES;
				SWIFT_VERSION = 5.0;
				TARGETED_DEVICE_FAMILY = "1,2";
			};
			name = Debug;
		};
		04ADBACE286F3F9E0083974E /* Release */ = {
			isa = XCBuildConfiguration;
			baseConfigurationReference = 21EE6F3938EDD1B27FF43B28 /* Pods-ChallengeApp.release.xcconfig */;
			buildSettings = {
				ASSETCATALOG_COMPILER_APPICON_NAME = AppIcon;
				ASSETCATALOG_COMPILER_GLOBAL_ACCENT_COLOR_NAME = AccentColor;
				CODE_SIGN_STYLE = Automatic;
				CURRENT_PROJECT_VERSION = 1;
				GENERATE_INFOPLIST_FILE = YES;
				INFOPLIST_FILE = ChallengeApp/Info.plist;
				INFOPLIST_KEY_UIApplicationSupportsIndirectInputEvents = YES;
				INFOPLIST_KEY_UILaunchStoryboardName = LaunchScreen;
				INFOPLIST_KEY_UISupportedInterfaceOrientations = "UIInterfaceOrientationPortrait UIInterfaceOrientationLandscapeLeft UIInterfaceOrientationLandscapeRight";
				INFOPLIST_KEY_UISupportedInterfaceOrientations_iPad = "UIInterfaceOrientationPortrait UIInterfaceOrientationPortraitUpsideDown UIInterfaceOrientationLandscapeLeft UIInterfaceOrientationLandscapeRight";
				INFOPLIST_KEY_UISupportedInterfaceOrientations_iPhone = "UIInterfaceOrientationPortrait UIInterfaceOrientationLandscapeLeft UIInterfaceOrientationLandscapeRight";
				LD_RUNPATH_SEARCH_PATHS = (
					"$(inherited)",
					"@executable_path/Frameworks",
				);
				MARKETING_VERSION = 1.0;
				PRODUCT_BUNDLE_IDENTIFIER = GlobalLogicAppChallenge.ChallengeApp;
				PRODUCT_NAME = "$(TARGET_NAME)";
				SWIFT_EMIT_LOC_STRINGS = YES;
				SWIFT_VERSION = 5.0;
				TARGETED_DEVICE_FAMILY = "1,2";
			};
			name = Release;
		};
		04ADBAD0286F3F9E0083974E /* Debug */ = {
			isa = XCBuildConfiguration;
			buildSettings = {
				ALWAYS_EMBED_SWIFT_STANDARD_LIBRARIES = YES;
				CODE_SIGN_STYLE = Automatic;
				CURRENT_PROJECT_VERSION = 1;
				GENERATE_INFOPLIST_FILE = YES;
				IPHONEOS_DEPLOYMENT_TARGET = 15.5;
				MARKETING_VERSION = 1.0;
				PRODUCT_BUNDLE_IDENTIFIER = GlobalLogicAppChallenge.ChallengeAppTests;
				PRODUCT_NAME = "$(TARGET_NAME)";
				SWIFT_EMIT_LOC_STRINGS = NO;
				SWIFT_VERSION = 5.0;
				TARGETED_DEVICE_FAMILY = "1,2";
			};
			name = Debug;
		};
		04ADBAD1286F3F9E0083974E /* Release */ = {
			isa = XCBuildConfiguration;
			buildSettings = {
				ALWAYS_EMBED_SWIFT_STANDARD_LIBRARIES = YES;
				CODE_SIGN_STYLE = Automatic;
				CURRENT_PROJECT_VERSION = 1;
				GENERATE_INFOPLIST_FILE = YES;
				IPHONEOS_DEPLOYMENT_TARGET = 15.5;
				MARKETING_VERSION = 1.0;
				PRODUCT_BUNDLE_IDENTIFIER = GlobalLogicAppChallenge.ChallengeAppTests;
				PRODUCT_NAME = "$(TARGET_NAME)";
				SWIFT_EMIT_LOC_STRINGS = NO;
				SWIFT_VERSION = 5.0;
				TARGETED_DEVICE_FAMILY = "1,2";
			};
			name = Release;
		};
		04ADBAD3286F3F9E0083974E /* Debug */ = {
			isa = XCBuildConfiguration;
			buildSettings = {
				ALWAYS_EMBED_SWIFT_STANDARD_LIBRARIES = YES;
				CODE_SIGN_STYLE = Automatic;
				CURRENT_PROJECT_VERSION = 1;
				GENERATE_INFOPLIST_FILE = YES;
				MARKETING_VERSION = 1.0;
				PRODUCT_BUNDLE_IDENTIFIER = GlobalLogicAppChallenge.ChallengeAppUITests;
				PRODUCT_NAME = "$(TARGET_NAME)";
				PROVISIONING_PROFILE = "";
				SWIFT_EMIT_LOC_STRINGS = NO;
				SWIFT_VERSION = 5.0;
				TARGETED_DEVICE_FAMILY = "1,2";
			};
			name = Debug;
		};
		04ADBAD4286F3F9E0083974E /* Release */ = {
			isa = XCBuildConfiguration;
			buildSettings = {
				ALWAYS_EMBED_SWIFT_STANDARD_LIBRARIES = YES;
				CODE_SIGN_STYLE = Automatic;
				CURRENT_PROJECT_VERSION = 1;
				GENERATE_INFOPLIST_FILE = YES;
				MARKETING_VERSION = 1.0;
				PRODUCT_BUNDLE_IDENTIFIER = GlobalLogicAppChallenge.ChallengeAppUITests;
				PRODUCT_NAME = "$(TARGET_NAME)";
				PROVISIONING_PROFILE = "";
				SWIFT_EMIT_LOC_STRINGS = NO;
				SWIFT_VERSION = 5.0;
				TARGETED_DEVICE_FAMILY = "1,2";
			};
			name = Release;
		};
/* End XCBuildConfiguration section */

/* Begin XCConfigurationList section */
		04ADBA9D286F3F9C0083974E /* Build configuration list for PBXProject "ChallengeApp" */ = {
			isa = XCConfigurationList;
			buildConfigurations = (
				04ADBACA286F3F9E0083974E /* Debug */,
				04ADBACB286F3F9E0083974E /* Release */,
			);
			defaultConfigurationIsVisible = 0;
			defaultConfigurationName = Release;
		};
		04ADBACC286F3F9E0083974E /* Build configuration list for PBXNativeTarget "ChallengeApp" */ = {
			isa = XCConfigurationList;
			buildConfigurations = (
				04ADBACD286F3F9E0083974E /* Debug */,
				04ADBACE286F3F9E0083974E /* Release */,
			);
			defaultConfigurationIsVisible = 0;
			defaultConfigurationName = Release;
		};
		04ADBACF286F3F9E0083974E /* Build configuration list for PBXNativeTarget "ChallengeAppTests" */ = {
			isa = XCConfigurationList;
			buildConfigurations = (
				04ADBAD0286F3F9E0083974E /* Debug */,
				04ADBAD1286F3F9E0083974E /* Release */,
			);
			defaultConfigurationIsVisible = 0;
			defaultConfigurationName = Release;
		};
		04ADBAD2286F3F9E0083974E /* Build configuration list for PBXNativeTarget "ChallengeAppUITests" */ = {
			isa = XCConfigurationList;
			buildConfigurations = (
				04ADBAD3286F3F9E0083974E /* Debug */,
				04ADBAD4286F3F9E0083974E /* Release */,
			);
			defaultConfigurationIsVisible = 0;
			defaultConfigurationName = Release;
		};
/* End XCConfigurationList section */
	};
	rootObject = 04ADBA9A286F3F9C0083974E /* Project object */;
}
